
Microsoft Visual Studio Solution File, Format Version 12.00
# Visual Studio Version 17
VisualStudioVersion = 17.0.31919.166
MinimumVisualStudioVersion = 10.0.40219.1
Project("{9A19103F-16F7-4668-BE54-9A1E7A4F7556}") = "BlazorServer", "BlazorServer\BlazorServer.csproj", "{31A23E7D-A68D-4619-B9A7-B1C5B09F1CCA}"
EndProject
Global
	GlobalSection(SolutionConfigurationPlatforms) = preSolution
		Debug|Any CPU = Debug|Any CPU
		Release|Any CPU = Release|Any CPU
	EndGlobalSection
	GlobalSection(ProjectConfigurationPlatforms) = postSolution
		{31A23E7D-A68D-4619-B9A7-B1C5B09F1CCA}.Debug|Any CPU.ActiveCfg = Debug|Any CPU
		{31A23E7D-A68D-4619-B9A7-B1C5B09F1CCA}.Debug|Any CPU.Build.0 = Debug|Any CPU
		{31A23E7D-A68D-4619-B9A7-B1C5B09F1CCA}.Release|Any CPU.ActiveCfg = Release|Any CPU
		{31A23E7D-A68D-4619-B9A7-B1C5B09F1CCA}.Release|Any CPU.Build.0 = Release|Any CPU
	EndGlobalSection
	GlobalSection(SolutionProperties) = preSolution
		HideSolutionNode = FALSE
	EndGlobalSection
	GlobalSection(ExtensibilityGlobals) = postSolution
		SolutionGuid = {17AB4421-4DBC-47D0-BA71-4BE92441077B}
	EndGlobalSection
EndGlobal
